
Microsoft Visual Studio Solution File, Format Version 12.00
# Visual Studio 14
VisualStudioVersion = 14.0.25123.0
MinimumVisualStudioVersion = 10.0.40219.1
Project("{5292ECED-A918-4CF5-9256-698207E94DA7}") = "Sitecore.Support.105039", "Sitecore.Support.105039\Sitecore.Support.105039.csproj", "{F9C9768A-9F13-4EA5-89BA-D9CF25341D35}"
EndProject
Global
	GlobalSection(SolutionConfigurationPlatforms) = preSolution
		Debug|Any CPU = Debug|Any CPU
		Release|Any CPU = Release|Any CPU
	EndGlobalSection
	GlobalSection(ProjectConfigurationPlatforms) = postSolution
		{F9C9768A-9F13-4EA5-89BA-D9CF25341D35}.Debug|Any CPU.ActiveCfg = Debug|Any CPU
		{F9C9768A-9F13-4EA5-89BA-D9CF25341D35}.Debug|Any CPU.Build.0 = Debug|Any CPU
		{F9C9768A-9F13-4EA5-89BA-D9CF25341D35}.Release|Any CPU.ActiveCfg = Release|Any CPU
		{F9C9768A-9F13-4EA5-89BA-D9CF25341D35}.Release|Any CPU.Build.0 = Release|Any CPU
	EndGlobalSection
	GlobalSection(SolutionProperties) = preSolution
		HideSolutionNode = FALSE
	EndGlobalSection
EndGlobal
